
Microsoft Visual Studio Solution File, Format Version 12.00
# Visual Studio Version 17
VisualStudioVersion = 17.0.32014.148
MinimumVisualStudioVersion = 10.0.40219.1
Project("{9A19103F-16F7-4668-BE54-9A1E7A4F7556}") = "DiscRental73TestWpf", "DiscRental73TestWpf\DiscRental73TestWpf.csproj", "{75540ED3-D3F7-4D21-9D9D-CBB756A87BC3}"
EndProject
Project("{9A19103F-16F7-4668-BE54-9A1E7A4F7556}") = "AdminWpfPlugin", "AdminWpfPlugin\AdminWpfPlugin.csproj", "{66902065-9BC5-45E4-AD93-9D327029A0AF}"
EndProject
Project("{9A19103F-16F7-4668-BE54-9A1E7A4F7556}") = "DesignDebugStorage", "DesignDebugStorage\DesignDebugStorage.csproj", "{677DEA3D-EC72-4442-9C2C-A7E09D47A2DC}"
EndProject
Project("{2150E333-8FDC-42A3-9474-1A3956D46DE8}") = "Tests", "Tests", "{C931D4F8-F91C-4DB6-848F-95A21DDE83D0}"
EndProject
Project("{FAE04EC0-301F-11D3-BF4B-00C04F79EFBC}") = "DiscRental73.TestProject", "Tests\DiscRental73.TestProject\DiscRental73.TestProject.csproj", "{DDC33777-ABB2-406C-88C6-35CBB1D98101}"
EndProject
Project("{2150E333-8FDC-42A3-9474-1A3956D46DE8}") = "Common", "Common", "{B9E05A98-88FA-493F-A6E4-BC2F8A520107}"
EndProject
Project("{2150E333-8FDC-42A3-9474-1A3956D46DE8}") = "Data", "Data", "{3563E698-E05C-4C1E-9F6E-937A48F70D27}"
EndProject
Project("{2150E333-8FDC-42A3-9474-1A3956D46DE8}") = "UI", "UI", "{6B06FB4C-BE6A-46C2-AB84-8403717EEF37}"
EndProject
Project("{9A19103F-16F7-4668-BE54-9A1E7A4F7556}") = "DiscRental73.Domain", "Common\DiscRental73.Domain\DiscRental73.Domain.csproj", "{9BC3BE07-1ACD-498C-80C4-378E53FE18FB}"
EndProject
Project("{9A19103F-16F7-4668-BE54-9A1E7A4F7556}") = "DiscRental73.Enums", "Common\DiscRental73.Enums\DiscRental73.Enums.csproj", "{0FC686F5-A565-4168-9D9D-08E14413F335}"
EndProject
Project("{9A19103F-16F7-4668-BE54-9A1E7A4F7556}") = "DiscRental73.Interfaces", "Common\DiscRental73.Interfaces\DiscRental73.Interfaces.csproj", "{23834279-369D-47F3-9FA8-C687509B7913}"
EndProject
Project("{9A19103F-16F7-4668-BE54-9A1E7A4F7556}") = "DiscRental73.DAL", "Data\DiscRental73.DAL\DiscRental73.DAL.csproj", "{3F4B6427-BD74-408A-8877-633C0D313330}"
EndProject
Project("{9A19103F-16F7-4668-BE54-9A1E7A4F7556}") = "DiscRental73.DAL.DomainRepositories", "Data\DiscRental73.DAL.DomainRepositories\DiscRental73.DAL.DomainRepositories.csproj", "{1D2CCCE8-0521-4A03-8A8F-D3F19330BA9A}"
EndProject
Project("{9A19103F-16F7-4668-BE54-9A1E7A4F7556}") = "DiscRental73.DAL.SqlServer", "Data\DiscRental73.DAL.SqlServer\DiscRental73.DAL.SqlServer.csproj", "{F66AD4C7-53A9-4386-803F-BD4728AA14F3}"
EndProject
Project("{9A19103F-16F7-4668-BE54-9A1E7A4F7556}") = "DiscRental73.Wpf", "UI\DiscRental73.Wpf\DiscRental73.Wpf.csproj", "{54CAA4BC-7A47-4091-B262-1181BF9501E4}"
EndProject
Project("{9A19103F-16F7-4668-BE54-9A1E7A4F7556}") = "DiscRental73.ConsoleTest", "DiscRental73.ConsoleTest\DiscRental73.ConsoleTest.csproj", "{B9EAA781-037C-45DE-88F9-C6ECADFD2CE0}"
EndProject
Project("{2150E333-8FDC-42A3-9474-1A3956D46DE8}") = "Common", "Common", "{2C0C4E13-E1D7-4198-AC43-FB9819D24E2C}"
EndProject
Project("{9A19103F-16F7-4668-BE54-9A1E7A4F7556}") = "DiscRental73.DAL.Tests", "Tests\Common\DiscRental73.DAL.Tests\DiscRental73.DAL.Tests.csproj", "{A7B032B6-E561-4C1B-8E16-837063BE6EF7}"
EndProject
Project("{9A19103F-16F7-4668-BE54-9A1E7A4F7556}") = "DiscRental73.DAL.DomainRepositories.Tests", "Tests\Common\DiscRental73.DAL.DomainRepositories.Tests\DiscRental73.DAL.DomainRepositories.Tests.csproj", "{0DD52899-67BB-4A7A-8C56-642CE9FD7153}"
EndProject
Global
	GlobalSection(SolutionConfigurationPlatforms) = preSolution
		Debug|Any CPU = Debug|Any CPU
		Release|Any CPU = Release|Any CPU
	EndGlobalSection
	GlobalSection(ProjectConfigurationPlatforms) = postSolution
		{75540ED3-D3F7-4D21-9D9D-CBB756A87BC3}.Debug|Any CPU.ActiveCfg = Debug|Any CPU
		{75540ED3-D3F7-4D21-9D9D-CBB756A87BC3}.Debug|Any CPU.Build.0 = Debug|Any CPU
		{75540ED3-D3F7-4D21-9D9D-CBB756A87BC3}.Release|Any CPU.ActiveCfg = Release|Any CPU
		{75540ED3-D3F7-4D21-9D9D-CBB756A87BC3}.Release|Any CPU.Build.0 = Release|Any CPU
		{66902065-9BC5-45E4-AD93-9D327029A0AF}.Debug|Any CPU.ActiveCfg = Debug|Any CPU
		{66902065-9BC5-45E4-AD93-9D327029A0AF}.Debug|Any CPU.Build.0 = Debug|Any CPU
		{66902065-9BC5-45E4-AD93-9D327029A0AF}.Release|Any CPU.ActiveCfg = Release|Any CPU
		{66902065-9BC5-45E4-AD93-9D327029A0AF}.Release|Any CPU.Build.0 = Release|Any CPU
		{677DEA3D-EC72-4442-9C2C-A7E09D47A2DC}.Debug|Any CPU.ActiveCfg = Debug|Any CPU
		{677DEA3D-EC72-4442-9C2C-A7E09D47A2DC}.Debug|Any CPU.Build.0 = Debug|Any CPU
		{677DEA3D-EC72-4442-9C2C-A7E09D47A2DC}.Release|Any CPU.ActiveCfg = Release|Any CPU
		{677DEA3D-EC72-4442-9C2C-A7E09D47A2DC}.Release|Any CPU.Build.0 = Release|Any CPU
		{DDC33777-ABB2-406C-88C6-35CBB1D98101}.Debug|Any CPU.ActiveCfg = Debug|Any CPU
		{DDC33777-ABB2-406C-88C6-35CBB1D98101}.Debug|Any CPU.Build.0 = Debug|Any CPU
		{DDC33777-ABB2-406C-88C6-35CBB1D98101}.Release|Any CPU.ActiveCfg = Release|Any CPU
		{DDC33777-ABB2-406C-88C6-35CBB1D98101}.Release|Any CPU.Build.0 = Release|Any CPU
		{9BC3BE07-1ACD-498C-80C4-378E53FE18FB}.Debug|Any CPU.ActiveCfg = Debug|Any CPU
		{9BC3BE07-1ACD-498C-80C4-378E53FE18FB}.Debug|Any CPU.Build.0 = Debug|Any CPU
		{9BC3BE07-1ACD-498C-80C4-378E53FE18FB}.Release|Any CPU.ActiveCfg = Release|Any CPU
		{9BC3BE07-1ACD-498C-80C4-378E53FE18FB}.Release|Any CPU.Build.0 = Release|Any CPU
		{0FC686F5-A565-4168-9D9D-08E14413F335}.Debug|Any CPU.ActiveCfg = Debug|Any CPU
		{0FC686F5-A565-4168-9D9D-08E14413F335}.Debug|Any CPU.Build.0 = Debug|Any CPU
		{0FC686F5-A565-4168-9D9D-08E14413F335}.Release|Any CPU.ActiveCfg = Release|Any CPU
		{0FC686F5-A565-4168-9D9D-08E14413F335}.Release|Any CPU.Build.0 = Release|Any CPU
		{23834279-369D-47F3-9FA8-C687509B7913}.Debug|Any CPU.ActiveCfg = Debug|Any CPU
		{23834279-369D-47F3-9FA8-C687509B7913}.Debug|Any CPU.Build.0 = Debug|Any CPU
		{23834279-369D-47F3-9FA8-C687509B7913}.Release|Any CPU.ActiveCfg = Release|Any CPU
		{23834279-369D-47F3-9FA8-C687509B7913}.Release|Any CPU.Build.0 = Release|Any CPU
		{3F4B6427-BD74-408A-8877-633C0D313330}.Debug|Any CPU.ActiveCfg = Debug|Any CPU
		{3F4B6427-BD74-408A-8877-633C0D313330}.Debug|Any CPU.Build.0 = Debug|Any CPU
		{3F4B6427-BD74-408A-8877-633C0D313330}.Release|Any CPU.ActiveCfg = Release|Any CPU
		{3F4B6427-BD74-408A-8877-633C0D313330}.Release|Any CPU.Build.0 = Release|Any CPU
		{1D2CCCE8-0521-4A03-8A8F-D3F19330BA9A}.Debug|Any CPU.ActiveCfg = Debug|Any CPU
		{1D2CCCE8-0521-4A03-8A8F-D3F19330BA9A}.Debug|Any CPU.Build.0 = Debug|Any CPU
		{1D2CCCE8-0521-4A03-8A8F-D3F19330BA9A}.Release|Any CPU.ActiveCfg = Release|Any CPU
		{1D2CCCE8-0521-4A03-8A8F-D3F19330BA9A}.Release|Any CPU.Build.0 = Release|Any CPU
		{F66AD4C7-53A9-4386-803F-BD4728AA14F3}.Debug|Any CPU.ActiveCfg = Debug|Any CPU
		{F66AD4C7-53A9-4386-803F-BD4728AA14F3}.Debug|Any CPU.Build.0 = Debug|Any CPU
		{F66AD4C7-53A9-4386-803F-BD4728AA14F3}.Release|Any CPU.ActiveCfg = Release|Any CPU
		{F66AD4C7-53A9-4386-803F-BD4728AA14F3}.Release|Any CPU.Build.0 = Release|Any CPU
		{54CAA4BC-7A47-4091-B262-1181BF9501E4}.Debug|Any CPU.ActiveCfg = Debug|Any CPU
		{54CAA4BC-7A47-4091-B262-1181BF9501E4}.Debug|Any CPU.Build.0 = Debug|Any CPU
		{54CAA4BC-7A47-4091-B262-1181BF9501E4}.Release|Any CPU.ActiveCfg = Release|Any CPU
		{54CAA4BC-7A47-4091-B262-1181BF9501E4}.Release|Any CPU.Build.0 = Release|Any CPU
		{B9EAA781-037C-45DE-88F9-C6ECADFD2CE0}.Debug|Any CPU.ActiveCfg = Debug|Any CPU
		{B9EAA781-037C-45DE-88F9-C6ECADFD2CE0}.Debug|Any CPU.Build.0 = Debug|Any CPU
		{B9EAA781-037C-45DE-88F9-C6ECADFD2CE0}.Release|Any CPU.ActiveCfg = Release|Any CPU
		{B9EAA781-037C-45DE-88F9-C6ECADFD2CE0}.Release|Any CPU.Build.0 = Release|Any CPU
		{A7B032B6-E561-4C1B-8E16-837063BE6EF7}.Debug|Any CPU.ActiveCfg = Debug|Any CPU
		{A7B032B6-E561-4C1B-8E16-837063BE6EF7}.Debug|Any CPU.Build.0 = Debug|Any CPU
		{A7B032B6-E561-4C1B-8E16-837063BE6EF7}.Release|Any CPU.ActiveCfg = Release|Any CPU
		{A7B032B6-E561-4C1B-8E16-837063BE6EF7}.Release|Any CPU.Build.0 = Release|Any CPU
		{0DD52899-67BB-4A7A-8C56-642CE9FD7153}.Debug|Any CPU.ActiveCfg = Debug|Any CPU
		{0DD52899-67BB-4A7A-8C56-642CE9FD7153}.Debug|Any CPU.Build.0 = Debug|Any CPU
		{0DD52899-67BB-4A7A-8C56-642CE9FD7153}.Release|Any CPU.ActiveCfg = Release|Any CPU
		{0DD52899-67BB-4A7A-8C56-642CE9FD7153}.Release|Any CPU.Build.0 = Release|Any CPU
	EndGlobalSection
	GlobalSection(SolutionProperties) = preSolution
		HideSolutionNode = FALSE
	EndGlobalSection
	GlobalSection(NestedProjects) = preSolution
		{DDC33777-ABB2-406C-88C6-35CBB1D98101} = {C931D4F8-F91C-4DB6-848F-95A21DDE83D0}
		{9BC3BE07-1ACD-498C-80C4-378E53FE18FB} = {B9E05A98-88FA-493F-A6E4-BC2F8A520107}
		{0FC686F5-A565-4168-9D9D-08E14413F335} = {B9E05A98-88FA-493F-A6E4-BC2F8A520107}
		{23834279-369D-47F3-9FA8-C687509B7913} = {B9E05A98-88FA-493F-A6E4-BC2F8A520107}
		{3F4B6427-BD74-408A-8877-633C0D313330} = {3563E698-E05C-4C1E-9F6E-937A48F70D27}
		{1D2CCCE8-0521-4A03-8A8F-D3F19330BA9A} = {3563E698-E05C-4C1E-9F6E-937A48F70D27}
		{F66AD4C7-53A9-4386-803F-BD4728AA14F3} = {3563E698-E05C-4C1E-9F6E-937A48F70D27}
		{54CAA4BC-7A47-4091-B262-1181BF9501E4} = {6B06FB4C-BE6A-46C2-AB84-8403717EEF37}
		{B9EAA781-037C-45DE-88F9-C6ECADFD2CE0} = {C931D4F8-F91C-4DB6-848F-95A21DDE83D0}
		{2C0C4E13-E1D7-4198-AC43-FB9819D24E2C} = {C931D4F8-F91C-4DB6-848F-95A21DDE83D0}
		{A7B032B6-E561-4C1B-8E16-837063BE6EF7} = {2C0C4E13-E1D7-4198-AC43-FB9819D24E2C}
		{0DD52899-67BB-4A7A-8C56-642CE9FD7153} = {2C0C4E13-E1D7-4198-AC43-FB9819D24E2C}
	EndGlobalSection
	GlobalSection(ExtensibilityGlobals) = postSolution
		SolutionGuid = {7892FE36-9517-4C74-BE1E-B413722723BB}
	EndGlobalSection
EndGlobal
