
Microsoft Visual Studio Solution File, Format Version 12.00
# Visual Studio Version 17
VisualStudioVersion = 17.0.32014.148
MinimumVisualStudioVersion = 10.0.40219.1
Project("{9A19103F-16F7-4668-BE54-9A1E7A4F7556}") = "DiscRental73TestWpf", "DiscRental73TestWpf\DiscRental73TestWpf.csproj", "{75540ED3-D3F7-4D21-9D9D-CBB756A87BC3}"
EndProject
Project("{9A19103F-16F7-4668-BE54-9A1E7A4F7556}") = "BusinessLogic", "BusinessLogic\BusinessLogic.csproj", "{FA2CB423-81E7-4D3A-80AC-AA32EB1653FF}"
EndProject
Project("{9A19103F-16F7-4668-BE54-9A1E7A4F7556}") = "DatabaseStorage", "DatabaseStorage\DatabaseStorage.csproj", "{3C027657-1880-4F1B-919D-603B1B2DB984}"
EndProject
Project("{9A19103F-16F7-4668-BE54-9A1E7A4F7556}") = "AdminWpfPlugin", "AdminWpfPlugin\AdminWpfPlugin.csproj", "{66902065-9BC5-45E4-AD93-9D327029A0AF}"
EndProject
Project("{9A19103F-16F7-4668-BE54-9A1E7A4F7556}") = "ConsoleTestData", "ConsoleTestData\ConsoleTestData.csproj", "{AF795F55-E1A5-4187-81C2-4E79D6331E4C}"
EndProject
Project("{9A19103F-16F7-4668-BE54-9A1E7A4F7556}") = "DesignDebugStorage", "DesignDebugStorage\DesignDebugStorage.csproj", "{677DEA3D-EC72-4442-9C2C-A7E09D47A2DC}"
EndProject
Project("{2150E333-8FDC-42A3-9474-1A3956D46DE8}") = "Tests", "Tests", "{C931D4F8-F91C-4DB6-848F-95A21DDE83D0}"
EndProject
Project("{FAE04EC0-301F-11D3-BF4B-00C04F79EFBC}") = "DiscRental73.TestProject", "Tests\DiscRental73.TestProject\DiscRental73.TestProject.csproj", "{DDC33777-ABB2-406C-88C6-35CBB1D98101}"
EndProject
Project("{2150E333-8FDC-42A3-9474-1A3956D46DE8}") = "Common", "Common", "{B9E05A98-88FA-493F-A6E4-BC2F8A520107}"
EndProject
Project("{9A19103F-16F7-4668-BE54-9A1E7A4F7556}") = "DiscRental73.Interfaces", "DiscRental73.Interfaces\DiscRental73.Interfaces.csproj", "{EED3AC8D-7DFC-4C6E-9B37-903EE15BB96C}"
EndProject
Project("{9A19103F-16F7-4668-BE54-9A1E7A4F7556}") = "DiscRental73.Domain", "DiscRental73.Domain\DiscRental73.Domain.csproj", "{FA688364-6DCF-439B-8F55-573DCCB96856}"
EndProject
Project("{2150E333-8FDC-42A3-9474-1A3956D46DE8}") = "Data", "Data", "{3563E698-E05C-4C1E-9F6E-937A48F70D27}"
EndProject
Project("{9A19103F-16F7-4668-BE54-9A1E7A4F7556}") = "DiscRental73.DAL", "DiscRental73.DAL\DiscRental73.DAL.csproj", "{21C497FA-4BD7-4207-98E8-DB73A4D8EC54}"
EndProject
Project("{9A19103F-16F7-4668-BE54-9A1E7A4F7556}") = "DiscRental73.DAL.SqlServer", "DiscRental73.DAL.SqlServer\DiscRental73.DAL.SqlServer.csproj", "{06EB388C-30C8-4883-AF49-FBAC8D4251E8}"
EndProject
Project("{9A19103F-16F7-4668-BE54-9A1E7A4F7556}") = "DiscRental73.Enums", "DiscRental73.Enums\DiscRental73.Enums.csproj", "{0B98F048-7A45-424D-A07D-8418D450FD18}"
EndProject
Project("{FAE04EC0-301F-11D3-BF4B-00C04F79EFBC}") = "DiscRental73.DAL.DomainRepositories", "DiscRental73.DAL.DomainRepositories\DiscRental73.DAL.DomainRepositories.csproj", "{2F0797F9-AA3E-4E37-AF6C-99503ADF87E1}"
EndProject
Project("{2150E333-8FDC-42A3-9474-1A3956D46DE8}") = "UI", "UI", "{6B06FB4C-BE6A-46C2-AB84-8403717EEF37}"
EndProject
Project("{FAE04EC0-301F-11D3-BF4B-00C04F79EFBC}") = "DiscRental73.Wpf", "DiscRental73.Wpf\DiscRental73.Wpf.csproj", "{208D1E8D-52B5-4033-BFEF-0600F382F936}"
EndProject
Global
	GlobalSection(SolutionConfigurationPlatforms) = preSolution
		Debug|Any CPU = Debug|Any CPU
		Release|Any CPU = Release|Any CPU
	EndGlobalSection
	GlobalSection(ProjectConfigurationPlatforms) = postSolution
		{75540ED3-D3F7-4D21-9D9D-CBB756A87BC3}.Debug|Any CPU.ActiveCfg = Debug|Any CPU
		{75540ED3-D3F7-4D21-9D9D-CBB756A87BC3}.Debug|Any CPU.Build.0 = Debug|Any CPU
		{75540ED3-D3F7-4D21-9D9D-CBB756A87BC3}.Release|Any CPU.ActiveCfg = Release|Any CPU
		{75540ED3-D3F7-4D21-9D9D-CBB756A87BC3}.Release|Any CPU.Build.0 = Release|Any CPU
		{FA2CB423-81E7-4D3A-80AC-AA32EB1653FF}.Debug|Any CPU.ActiveCfg = Debug|Any CPU
		{FA2CB423-81E7-4D3A-80AC-AA32EB1653FF}.Debug|Any CPU.Build.0 = Debug|Any CPU
		{FA2CB423-81E7-4D3A-80AC-AA32EB1653FF}.Release|Any CPU.ActiveCfg = Release|Any CPU
		{FA2CB423-81E7-4D3A-80AC-AA32EB1653FF}.Release|Any CPU.Build.0 = Release|Any CPU
		{3C027657-1880-4F1B-919D-603B1B2DB984}.Debug|Any CPU.ActiveCfg = Debug|Any CPU
		{3C027657-1880-4F1B-919D-603B1B2DB984}.Debug|Any CPU.Build.0 = Debug|Any CPU
		{3C027657-1880-4F1B-919D-603B1B2DB984}.Release|Any CPU.ActiveCfg = Release|Any CPU
		{3C027657-1880-4F1B-919D-603B1B2DB984}.Release|Any CPU.Build.0 = Release|Any CPU
		{66902065-9BC5-45E4-AD93-9D327029A0AF}.Debug|Any CPU.ActiveCfg = Debug|Any CPU
		{66902065-9BC5-45E4-AD93-9D327029A0AF}.Debug|Any CPU.Build.0 = Debug|Any CPU
		{66902065-9BC5-45E4-AD93-9D327029A0AF}.Release|Any CPU.ActiveCfg = Release|Any CPU
		{66902065-9BC5-45E4-AD93-9D327029A0AF}.Release|Any CPU.Build.0 = Release|Any CPU
		{AF795F55-E1A5-4187-81C2-4E79D6331E4C}.Debug|Any CPU.ActiveCfg = Debug|Any CPU
		{AF795F55-E1A5-4187-81C2-4E79D6331E4C}.Debug|Any CPU.Build.0 = Debug|Any CPU
		{AF795F55-E1A5-4187-81C2-4E79D6331E4C}.Release|Any CPU.ActiveCfg = Release|Any CPU
		{AF795F55-E1A5-4187-81C2-4E79D6331E4C}.Release|Any CPU.Build.0 = Release|Any CPU
		{677DEA3D-EC72-4442-9C2C-A7E09D47A2DC}.Debug|Any CPU.ActiveCfg = Debug|Any CPU
		{677DEA3D-EC72-4442-9C2C-A7E09D47A2DC}.Debug|Any CPU.Build.0 = Debug|Any CPU
		{677DEA3D-EC72-4442-9C2C-A7E09D47A2DC}.Release|Any CPU.ActiveCfg = Release|Any CPU
		{677DEA3D-EC72-4442-9C2C-A7E09D47A2DC}.Release|Any CPU.Build.0 = Release|Any CPU
		{DDC33777-ABB2-406C-88C6-35CBB1D98101}.Debug|Any CPU.ActiveCfg = Debug|Any CPU
		{DDC33777-ABB2-406C-88C6-35CBB1D98101}.Debug|Any CPU.Build.0 = Debug|Any CPU
		{DDC33777-ABB2-406C-88C6-35CBB1D98101}.Release|Any CPU.ActiveCfg = Release|Any CPU
		{DDC33777-ABB2-406C-88C6-35CBB1D98101}.Release|Any CPU.Build.0 = Release|Any CPU
		{EED3AC8D-7DFC-4C6E-9B37-903EE15BB96C}.Debug|Any CPU.ActiveCfg = Debug|Any CPU
		{EED3AC8D-7DFC-4C6E-9B37-903EE15BB96C}.Debug|Any CPU.Build.0 = Debug|Any CPU
		{EED3AC8D-7DFC-4C6E-9B37-903EE15BB96C}.Release|Any CPU.ActiveCfg = Release|Any CPU
		{EED3AC8D-7DFC-4C6E-9B37-903EE15BB96C}.Release|Any CPU.Build.0 = Release|Any CPU
		{FA688364-6DCF-439B-8F55-573DCCB96856}.Debug|Any CPU.ActiveCfg = Debug|Any CPU
		{FA688364-6DCF-439B-8F55-573DCCB96856}.Debug|Any CPU.Build.0 = Debug|Any CPU
		{FA688364-6DCF-439B-8F55-573DCCB96856}.Release|Any CPU.ActiveCfg = Release|Any CPU
		{FA688364-6DCF-439B-8F55-573DCCB96856}.Release|Any CPU.Build.0 = Release|Any CPU
		{21C497FA-4BD7-4207-98E8-DB73A4D8EC54}.Debug|Any CPU.ActiveCfg = Debug|Any CPU
		{21C497FA-4BD7-4207-98E8-DB73A4D8EC54}.Debug|Any CPU.Build.0 = Debug|Any CPU
		{21C497FA-4BD7-4207-98E8-DB73A4D8EC54}.Release|Any CPU.ActiveCfg = Release|Any CPU
		{21C497FA-4BD7-4207-98E8-DB73A4D8EC54}.Release|Any CPU.Build.0 = Release|Any CPU
		{06EB388C-30C8-4883-AF49-FBAC8D4251E8}.Debug|Any CPU.ActiveCfg = Debug|Any CPU
		{06EB388C-30C8-4883-AF49-FBAC8D4251E8}.Debug|Any CPU.Build.0 = Debug|Any CPU
		{06EB388C-30C8-4883-AF49-FBAC8D4251E8}.Release|Any CPU.ActiveCfg = Release|Any CPU
		{06EB388C-30C8-4883-AF49-FBAC8D4251E8}.Release|Any CPU.Build.0 = Release|Any CPU
		{0B98F048-7A45-424D-A07D-8418D450FD18}.Debug|Any CPU.ActiveCfg = Debug|Any CPU
		{0B98F048-7A45-424D-A07D-8418D450FD18}.Debug|Any CPU.Build.0 = Debug|Any CPU
		{0B98F048-7A45-424D-A07D-8418D450FD18}.Release|Any CPU.ActiveCfg = Release|Any CPU
		{0B98F048-7A45-424D-A07D-8418D450FD18}.Release|Any CPU.Build.0 = Release|Any CPU
		{2F0797F9-AA3E-4E37-AF6C-99503ADF87E1}.Debug|Any CPU.ActiveCfg = Debug|Any CPU
		{2F0797F9-AA3E-4E37-AF6C-99503ADF87E1}.Debug|Any CPU.Build.0 = Debug|Any CPU
		{2F0797F9-AA3E-4E37-AF6C-99503ADF87E1}.Release|Any CPU.ActiveCfg = Release|Any CPU
		{2F0797F9-AA3E-4E37-AF6C-99503ADF87E1}.Release|Any CPU.Build.0 = Release|Any CPU
		{208D1E8D-52B5-4033-BFEF-0600F382F936}.Debug|Any CPU.ActiveCfg = Debug|Any CPU
		{208D1E8D-52B5-4033-BFEF-0600F382F936}.Debug|Any CPU.Build.0 = Debug|Any CPU
		{208D1E8D-52B5-4033-BFEF-0600F382F936}.Release|Any CPU.ActiveCfg = Release|Any CPU
		{208D1E8D-52B5-4033-BFEF-0600F382F936}.Release|Any CPU.Build.0 = Release|Any CPU
	EndGlobalSection
	GlobalSection(SolutionProperties) = preSolution
		HideSolutionNode = FALSE
	EndGlobalSection
	GlobalSection(NestedProjects) = preSolution
		{DDC33777-ABB2-406C-88C6-35CBB1D98101} = {C931D4F8-F91C-4DB6-848F-95A21DDE83D0}
		{EED3AC8D-7DFC-4C6E-9B37-903EE15BB96C} = {B9E05A98-88FA-493F-A6E4-BC2F8A520107}
		{FA688364-6DCF-439B-8F55-573DCCB96856} = {B9E05A98-88FA-493F-A6E4-BC2F8A520107}
		{21C497FA-4BD7-4207-98E8-DB73A4D8EC54} = {3563E698-E05C-4C1E-9F6E-937A48F70D27}
		{06EB388C-30C8-4883-AF49-FBAC8D4251E8} = {3563E698-E05C-4C1E-9F6E-937A48F70D27}
		{0B98F048-7A45-424D-A07D-8418D450FD18} = {B9E05A98-88FA-493F-A6E4-BC2F8A520107}
		{2F0797F9-AA3E-4E37-AF6C-99503ADF87E1} = {3563E698-E05C-4C1E-9F6E-937A48F70D27}
		{208D1E8D-52B5-4033-BFEF-0600F382F936} = {6B06FB4C-BE6A-46C2-AB84-8403717EEF37}
	EndGlobalSection
	GlobalSection(ExtensibilityGlobals) = postSolution
		SolutionGuid = {7892FE36-9517-4C74-BE1E-B413722723BB}
	EndGlobalSection
EndGlobal
